
Microsoft Visual Studio Solution File, Format Version 12.00
# Visual Studio Version 17
VisualStudioVersion = 17.4.33103.184
MinimumVisualStudioVersion = 10.0.40219.1
Project("{9A19103F-16F7-4668-BE54-9A1E7A4F7556}") = "GudrunDieSiebte", "GudrunDieSiebte\GudrunDieSiebte.csproj", "{DC6643D2-56BC-4259-A2D4-C52D6875871F}"
EndProject
Global
	GlobalSection(SolutionConfigurationPlatforms) = preSolution
		Debug|Any CPU = Debug|Any CPU
		Release|Any CPU = Release|Any CPU
	EndGlobalSection
	GlobalSection(ProjectConfigurationPlatforms) = postSolution
		{DC6643D2-56BC-4259-A2D4-C52D6875871F}.Debug|Any CPU.ActiveCfg = Debug|Any CPU
		{DC6643D2-56BC-4259-A2D4-C52D6875871F}.Debug|Any CPU.Build.0 = Debug|Any CPU
		{DC6643D2-56BC-4259-A2D4-C52D6875871F}.Release|Any CPU.ActiveCfg = Release|Any CPU
		{DC6643D2-56BC-4259-A2D4-C52D6875871F}.Release|Any CPU.Build.0 = Release|Any CPU
	EndGlobalSection
	GlobalSection(SolutionProperties) = preSolution
		HideSolutionNode = FALSE
	EndGlobalSection
	GlobalSection(ExtensibilityGlobals) = postSolution
		SolutionGuid = {404958F4-CF85-40F2-B361-CA35B575915D}
	EndGlobalSection
EndGlobal
